
Microsoft Visual Studio Solution File, Format Version 12.00
# Visual Studio Version 17
VisualStudioVersion = 17.5.002.0
MinimumVisualStudioVersion = 10.0.40219.1
Project("{9A19103F-16F7-4668-BE54-9A1E7A4F7556}") = "SemesterProject2", "SemesterProject2\SemesterProject2.csproj", "{AD1D4B8B-A520-4FF2-B780-F8C98AA282BA}"
EndProject
Global
	GlobalSection(SolutionConfigurationPlatforms) = preSolution
		Debug|Any CPU = Debug|Any CPU
		Release|Any CPU = Release|Any CPU
	EndGlobalSection
	GlobalSection(ProjectConfigurationPlatforms) = postSolution
		{AD1D4B8B-A520-4FF2-B780-F8C98AA282BA}.Debug|Any CPU.ActiveCfg = Debug|Any CPU
		{AD1D4B8B-A520-4FF2-B780-F8C98AA282BA}.Debug|Any CPU.Build.0 = Debug|Any CPU
		{AD1D4B8B-A520-4FF2-B780-F8C98AA282BA}.Release|Any CPU.ActiveCfg = Release|Any CPU
		{AD1D4B8B-A520-4FF2-B780-F8C98AA282BA}.Release|Any CPU.Build.0 = Release|Any CPU
	EndGlobalSection
	GlobalSection(SolutionProperties) = preSolution
		HideSolutionNode = FALSE
	EndGlobalSection
	GlobalSection(ExtensibilityGlobals) = postSolution
		SolutionGuid = {86683037-4B24-4F67-86FF-6FDCB974FB04}
	EndGlobalSection
EndGlobal
